
Microsoft Visual Studio Solution File, Format Version 12.00
# Visual Studio 2012
Project("{FAE04EC0-301F-11D3-BF4B-00C04F79EFBC}") = "Partitioning Operators", "Partitioning Operators\Partitioning Operators.csproj", "{5C246834-2983-4E89-80A7-937417C3C98E}"
EndProject
Global
	GlobalSection(SolutionConfigurationPlatforms) = preSolution
		Debug|Any CPU = Debug|Any CPU
		Release|Any CPU = Release|Any CPU
	EndGlobalSection
	GlobalSection(ProjectConfigurationPlatforms) = postSolution
		{5C246834-2983-4E89-80A7-937417C3C98E}.Debug|Any CPU.ActiveCfg = Debug|Any CPU
		{5C246834-2983-4E89-80A7-937417C3C98E}.Debug|Any CPU.Build.0 = Debug|Any CPU
		{5C246834-2983-4E89-80A7-937417C3C98E}.Release|Any CPU.ActiveCfg = Release|Any CPU
		{5C246834-2983-4E89-80A7-937417C3C98E}.Release|Any CPU.Build.0 = Release|Any CPU
	EndGlobalSection
	GlobalSection(SolutionProperties) = preSolution
		HideSolutionNode = FALSE
	EndGlobalSection
EndGlobal
